
Microsoft Visual Studio Solution File, Format Version 12.00
# Visual Studio Version 16
VisualStudioVersion = 16.0.30611.23
MinimumVisualStudioVersion = 10.0.40219.1
Project("{FAE04EC0-301F-11D3-BF4B-00C04F79EFBC}") = "SistemaHotel", "SistemaHotel\SistemaHotel.csproj", "{70F57743-C0F1-4446-885D-E3156F192119}"
EndProject
Global
	GlobalSection(SolutionConfigurationPlatforms) = preSolution
		Debug|Any CPU = Debug|Any CPU
		Release|Any CPU = Release|Any CPU
	EndGlobalSection
	GlobalSection(ProjectConfigurationPlatforms) = postSolution
		{70F57743-C0F1-4446-885D-E3156F192119}.Debug|Any CPU.ActiveCfg = Debug|Any CPU
		{70F57743-C0F1-4446-885D-E3156F192119}.Debug|Any CPU.Build.0 = Debug|Any CPU
		{70F57743-C0F1-4446-885D-E3156F192119}.Release|Any CPU.ActiveCfg = Release|Any CPU
		{70F57743-C0F1-4446-885D-E3156F192119}.Release|Any CPU.Build.0 = Release|Any CPU
	EndGlobalSection
	GlobalSection(SolutionProperties) = preSolution
		HideSolutionNode = FALSE
	EndGlobalSection
	GlobalSection(ExtensibilityGlobals) = postSolution
		SolutionGuid = {C7094F35-BC15-4EEF-B920-55560BA270FE}
	EndGlobalSection
EndGlobal
